{
	"name": "gate70-planted",
	"lockfileVersion": 3,
	"requires": true,
	"packages": {
		"node_modules/@conduction/nextcloud-vue": {
			"version": "2.20.0",
			"comment": "Predates nextcloud-vue#811, which is what put data-cn-route on CnAppNav's SETTINGS loop. The see-flows stop below targets a settings entry, so on this version it resolves nothing and is silently skipped."
		}
	}
}
