{
	"name": "gate107-fixture",
	"lockfileVersion": 3,
	"requires": true,
	"packages": {
		"node_modules/@conduction/nextcloud-vue": {
			"version": "2.33.0",
			"comment": "First generation carrying CnReportsPage (2026-08-31) AND the store page type, so a type:\"reports\" / type:\"store\" page in this fixture is one that would actually render."
		}
	}
}
