{
	"name": "gate70-clean",
	"lockfileVersion": 3,
	"requires": true,
	"packages": {
		"node_modules/@conduction/nextcloud-vue": {
			"version": "2.21.0",
			"comment": "First release whose CnAppNav emits data-cn-route on the SETTINGS loop (#811), so a stop targeting a settings entry can actually anchor."
		}
	}
}
